
Microsoft Visual Studio Solution File, Format Version 12.00
# Visual Studio Version 16
VisualStudioVersion = 16.0.31105.61
MinimumVisualStudioVersion = 10.0.40219.1
Project("{FAE04EC0-301F-11D3-BF4B-00C04F79EFBC}") = "kayıtDefteri", "kayıtDefteri\kayıtDefteri.csproj", "{228872C3-40AE-447D-91C6-0B591EB23C57}"
EndProject
Global
	GlobalSection(SolutionConfigurationPlatforms) = preSolution
		Debug|Any CPU = Debug|Any CPU
		Release|Any CPU = Release|Any CPU
	EndGlobalSection
	GlobalSection(ProjectConfigurationPlatforms) = postSolution
		{228872C3-40AE-447D-91C6-0B591EB23C57}.Debug|Any CPU.ActiveCfg = Debug|Any CPU
		{228872C3-40AE-447D-91C6-0B591EB23C57}.Debug|Any CPU.Build.0 = Debug|Any CPU
		{228872C3-40AE-447D-91C6-0B591EB23C57}.Release|Any CPU.ActiveCfg = Release|Any CPU
		{228872C3-40AE-447D-91C6-0B591EB23C57}.Release|Any CPU.Build.0 = Release|Any CPU
	EndGlobalSection
	GlobalSection(SolutionProperties) = preSolution
		HideSolutionNode = FALSE
	EndGlobalSection
	GlobalSection(ExtensibilityGlobals) = postSolution
		SolutionGuid = {163C425D-F438-450E-AC30-B343BC0B6F61}
	EndGlobalSection
EndGlobal
